
Microsoft Visual Studio Solution File, Format Version 12.00
# Visual Studio Version 17
VisualStudioVersion = 17.5.002.0
MinimumVisualStudioVersion = 10.0.40219.1
Project("{2150E333-8FDC-42A3-9474-1A3956D46DE8}") = "csharp-prep", "csharp-prep", "{97C025B3-5C9B-4F21-992E-A17007D14724}"
EndProject
Project("{9A19103F-16F7-4668-BE54-9A1E7A4F7556}") = "Prep1", "csharp-prep\Prep1\Prep1.csproj", "{27B3EA94-4A0C-4704-A838-D7198B3F653B}"
EndProject
Project("{9A19103F-16F7-4668-BE54-9A1E7A4F7556}") = "Prep2", "csharp-prep\Prep2\Prep2.csproj", "{EE210FBF-A815-40AF-A69D-389ACC932258}"
EndProject
Project("{9A19103F-16F7-4668-BE54-9A1E7A4F7556}") = "Prep3", "csharp-prep\Prep3\Prep3.csproj", "{A7E4EF1A-FB32-4971-B376-A0C29F1ADAE8}"
EndProject
Project("{9A19103F-16F7-4668-BE54-9A1E7A4F7556}") = "Prep4", "csharp-prep\Prep4\Prep4.csproj", "{E86A95E4-F4E8-4103-8FE0-BE471B9B5415}"
EndProject
Project("{9A19103F-16F7-4668-BE54-9A1E7A4F7556}") = "Prep5", "csharp-prep\Prep5\Prep5.csproj", "{0F72DC99-3188-4DA0-B223-1DDA418C679D}"
EndProject
Project("{2150E333-8FDC-42A3-9474-1A3956D46DE8}") = "final", "final", "{F23B97F0-E867-42D4-836F-519E114820D0}"
EndProject
Project("{9A19103F-16F7-4668-BE54-9A1E7A4F7556}") = "FinalProject", "final\FinalProject\FinalProject.csproj", "{38ED5AD0-3270-4BD0-BF22-FD488595BB8C}"
EndProject
Project("{9A19103F-16F7-4668-BE54-9A1E7A4F7556}") = "Foundation1", "final\Foundation1\Foundation1.csproj", "{CB09C30E-556E-4042-BBBB-BE183F86AE9B}"
EndProject
Project("{9A19103F-16F7-4668-BE54-9A1E7A4F7556}") = "Foundation2", "final\Foundation2\Foundation2.csproj", "{3C7CB446-985D-4F79-98A4-FECB0D47CC41}"
EndProject
Project("{9A19103F-16F7-4668-BE54-9A1E7A4F7556}") = "Foundation3", "final\Foundation3\Foundation3.csproj", "{42A6F48E-5AD2-4FF7-A78D-FE1E6BFB914B}"
EndProject
Project("{9A19103F-16F7-4668-BE54-9A1E7A4F7556}") = "Foundation4", "final\Foundation4\Foundation4.csproj", "{7ECE1CEC-D945-44EF-9F25-A83770331BA0}"
EndProject
Project("{2150E333-8FDC-42A3-9474-1A3956D46DE8}") = "prepare", "prepare", "{1A4D8439-9A4D-4647-8A7B-B868C98A976E}"
EndProject
Project("{9A19103F-16F7-4668-BE54-9A1E7A4F7556}") = "Learning02", "prepare\Learning02\Learning02.csproj", "{5D0A54AA-F1F4-48F4-A778-F2E3E532A09D}"
EndProject
Project("{9A19103F-16F7-4668-BE54-9A1E7A4F7556}") = "Learning03", "prepare\Learning03\Learning03.csproj", "{9C6CAE84-F122-4CB9-822E-B5C16B5FA06A}"
EndProject
Project("{9A19103F-16F7-4668-BE54-9A1E7A4F7556}") = "Learning04", "prepare\Learning04\Learning04.csproj", "{83761859-1E61-4F91-862A-D53CBDB087FF}"
EndProject
Project("{9A19103F-16F7-4668-BE54-9A1E7A4F7556}") = "Learning05", "prepare\Learning05\Learning05.csproj", "{6D113F62-F88A-4643-AA9A-D63B72403BA9}"
EndProject
Project("{2150E333-8FDC-42A3-9474-1A3956D46DE8}") = "prove", "prove", "{B7E37728-6D17-44DB-9968-8B566BA788CF}"
EndProject
Project("{9A19103F-16F7-4668-BE54-9A1E7A4F7556}") = "Develop02", "prove\Develop02\Develop02.csproj", "{4D7C95BA-22D2-4DD4-8842-C71833B1D35A}"
EndProject
Project("{9A19103F-16F7-4668-BE54-9A1E7A4F7556}") = "Develop03", "prove\Develop03\Develop03.csproj", "{E068FA00-6387-4930-8BE7-5E6DD7E84771}"
EndProject
Project("{9A19103F-16F7-4668-BE54-9A1E7A4F7556}") = "Develop04", "prove\Develop04\Develop04.csproj", "{6F46F5A2-04E5-4820-B36A-1E06B50A0CA1}"
EndProject
Project("{9A19103F-16F7-4668-BE54-9A1E7A4F7556}") = "Develop05", "prove\Develop05\Develop05.csproj", "{51F3838E-018D-41CB-A23F-0EE7FF78F2B0}"
EndProject
Project("{2150E333-8FDC-42A3-9474-1A3956D46DE8}") = "sandbox", "sandbox", "{0BE178FB-4D9D-4528-85A2-819554539EDA}"
EndProject
Project("{9A19103F-16F7-4668-BE54-9A1E7A4F7556}") = "Sandbox", "sandbox\Sandbox\Sandbox.csproj", "{9A747DF2-6E5F-428B-9746-663192432347}"
EndProject
Global
	GlobalSection(SolutionConfigurationPlatforms) = preSolution
		Debug|Any CPU = Debug|Any CPU
		Release|Any CPU = Release|Any CPU
	EndGlobalSection
	GlobalSection(ProjectConfigurationPlatforms) = postSolution
		{27B3EA94-4A0C-4704-A838-D7198B3F653B}.Debug|Any CPU.ActiveCfg = Debug|Any CPU
		{27B3EA94-4A0C-4704-A838-D7198B3F653B}.Debug|Any CPU.Build.0 = Debug|Any CPU
		{27B3EA94-4A0C-4704-A838-D7198B3F653B}.Release|Any CPU.ActiveCfg = Release|Any CPU
		{27B3EA94-4A0C-4704-A838-D7198B3F653B}.Release|Any CPU.Build.0 = Release|Any CPU
		{EE210FBF-A815-40AF-A69D-389ACC932258}.Debug|Any CPU.ActiveCfg = Debug|Any CPU
		{EE210FBF-A815-40AF-A69D-389ACC932258}.Debug|Any CPU.Build.0 = Debug|Any CPU
		{EE210FBF-A815-40AF-A69D-389ACC932258}.Release|Any CPU.ActiveCfg = Release|Any CPU
		{EE210FBF-A815-40AF-A69D-389ACC932258}.Release|Any CPU.Build.0 = Release|Any CPU
		{A7E4EF1A-FB32-4971-B376-A0C29F1ADAE8}.Debug|Any CPU.ActiveCfg = Debug|Any CPU
		{A7E4EF1A-FB32-4971-B376-A0C29F1ADAE8}.Debug|Any CPU.Build.0 = Debug|Any CPU
		{A7E4EF1A-FB32-4971-B376-A0C29F1ADAE8}.Release|Any CPU.ActiveCfg = Release|Any CPU
		{A7E4EF1A-FB32-4971-B376-A0C29F1ADAE8}.Release|Any CPU.Build.0 = Release|Any CPU
		{E86A95E4-F4E8-4103-8FE0-BE471B9B5415}.Debug|Any CPU.ActiveCfg = Debug|Any CPU
		{E86A95E4-F4E8-4103-8FE0-BE471B9B5415}.Debug|Any CPU.Build.0 = Debug|Any CPU
		{E86A95E4-F4E8-4103-8FE0-BE471B9B5415}.Release|Any CPU.ActiveCfg = Release|Any CPU
		{E86A95E4-F4E8-4103-8FE0-BE471B9B5415}.Release|Any CPU.Build.0 = Release|Any CPU
		{0F72DC99-3188-4DA0-B223-1DDA418C679D}.Debug|Any CPU.ActiveCfg = Debug|Any CPU
		{0F72DC99-3188-4DA0-B223-1DDA418C679D}.Debug|Any CPU.Build.0 = Debug|Any CPU
		{0F72DC99-3188-4DA0-B223-1DDA418C679D}.Release|Any CPU.ActiveCfg = Release|Any CPU
		{0F72DC99-3188-4DA0-B223-1DDA418C679D}.Release|Any CPU.Build.0 = Release|Any CPU
		{38ED5AD0-3270-4BD0-BF22-FD488595BB8C}.Debug|Any CPU.ActiveCfg = Debug|Any CPU
		{38ED5AD0-3270-4BD0-BF22-FD488595BB8C}.Debug|Any CPU.Build.0 = Debug|Any CPU
		{38ED5AD0-3270-4BD0-BF22-FD488595BB8C}.Release|Any CPU.ActiveCfg = Release|Any CPU
		{38ED5AD0-3270-4BD0-BF22-FD488595BB8C}.Release|Any CPU.Build.0 = Release|Any CPU
		{CB09C30E-556E-4042-BBBB-BE183F86AE9B}.Debug|Any CPU.ActiveCfg = Debug|Any CPU
		{CB09C30E-556E-4042-BBBB-BE183F86AE9B}.Debug|Any CPU.Build.0 = Debug|Any CPU
		{CB09C30E-556E-4042-BBBB-BE183F86AE9B}.Release|Any CPU.ActiveCfg = Release|Any CPU
		{CB09C30E-556E-4042-BBBB-BE183F86AE9B}.Release|Any CPU.Build.0 = Release|Any CPU
		{3C7CB446-985D-4F79-98A4-FECB0D47CC41}.Debug|Any CPU.ActiveCfg = Debug|Any CPU
		{3C7CB446-985D-4F79-98A4-FECB0D47CC41}.Debug|Any CPU.Build.0 = Debug|Any CPU
		{3C7CB446-985D-4F79-98A4-FECB0D47CC41}.Release|Any CPU.ActiveCfg = Release|Any CPU
		{3C7CB446-985D-4F79-98A4-FECB0D47CC41}.Release|Any CPU.Build.0 = Release|Any CPU
		{42A6F48E-5AD2-4FF7-A78D-FE1E6BFB914B}.Debug|Any CPU.ActiveCfg = Debug|Any CPU
		{42A6F48E-5AD2-4FF7-A78D-FE1E6BFB914B}.Debug|Any CPU.Build.0 = Debug|Any CPU
		{42A6F48E-5AD2-4FF7-A78D-FE1E6BFB914B}.Release|Any CPU.ActiveCfg = Release|Any CPU
		{42A6F48E-5AD2-4FF7-A78D-FE1E6BFB914B}.Release|Any CPU.Build.0 = Release|Any CPU
		{7ECE1CEC-D945-44EF-9F25-A83770331BA0}.Debug|Any CPU.ActiveCfg = Debug|Any CPU
		{7ECE1CEC-D945-44EF-9F25-A83770331BA0}.Debug|Any CPU.Build.0 = Debug|Any CPU
		{7ECE1CEC-D945-44EF-9F25-A83770331BA0}.Release|Any CPU.ActiveCfg = Release|Any CPU
		{7ECE1CEC-D945-44EF-9F25-A83770331BA0}.Release|Any CPU.Build.0 = Release|Any CPU
		{5D0A54AA-F1F4-48F4-A778-F2E3E532A09D}.Debug|Any CPU.ActiveCfg = Debug|Any CPU
		{5D0A54AA-F1F4-48F4-A778-F2E3E532A09D}.Debug|Any CPU.Build.0 = Debug|Any CPU
		{5D0A54AA-F1F4-48F4-A778-F2E3E532A09D}.Release|Any CPU.ActiveCfg = Release|Any CPU
		{5D0A54AA-F1F4-48F4-A778-F2E3E532A09D}.Release|Any CPU.Build.0 = Release|Any CPU
		{9C6CAE84-F122-4CB9-822E-B5C16B5FA06A}.Debug|Any CPU.ActiveCfg = Debug|Any CPU
		{9C6CAE84-F122-4CB9-822E-B5C16B5FA06A}.Debug|Any CPU.Build.0 = Debug|Any CPU
		{9C6CAE84-F122-4CB9-822E-B5C16B5FA06A}.Release|Any CPU.ActiveCfg = Release|Any CPU
		{9C6CAE84-F122-4CB9-822E-B5C16B5FA06A}.Release|Any CPU.Build.0 = Release|Any CPU
		{83761859-1E61-4F91-862A-D53CBDB087FF}.Debug|Any CPU.ActiveCfg = Debug|Any CPU
		{83761859-1E61-4F91-862A-D53CBDB087FF}.Debug|Any CPU.Build.0 = Debug|Any CPU
		{83761859-1E61-4F91-862A-D53CBDB087FF}.Release|Any CPU.ActiveCfg = Release|Any CPU
		{83761859-1E61-4F91-862A-D53CBDB087FF}.Release|Any CPU.Build.0 = Release|Any CPU
		{6D113F62-F88A-4643-AA9A-D63B72403BA9}.Debug|Any CPU.ActiveCfg = Debug|Any CPU
		{6D113F62-F88A-4643-AA9A-D63B72403BA9}.Debug|Any CPU.Build.0 = Debug|Any CPU
		{6D113F62-F88A-4643-AA9A-D63B72403BA9}.Release|Any CPU.ActiveCfg = Release|Any CPU
		{6D113F62-F88A-4643-AA9A-D63B72403BA9}.Release|Any CPU.Build.0 = Release|Any CPU
		{4D7C95BA-22D2-4DD4-8842-C71833B1D35A}.Debug|Any CPU.ActiveCfg = Debug|Any CPU
		{4D7C95BA-22D2-4DD4-8842-C71833B1D35A}.Debug|Any CPU.Build.0 = Debug|Any CPU
		{4D7C95BA-22D2-4DD4-8842-C71833B1D35A}.Release|Any CPU.ActiveCfg = Release|Any CPU
		{4D7C95BA-22D2-4DD4-8842-C71833B1D35A}.Release|Any CPU.Build.0 = Release|Any CPU
		{E068FA00-6387-4930-8BE7-5E6DD7E84771}.Debug|Any CPU.ActiveCfg = Debug|Any CPU
		{E068FA00-6387-4930-8BE7-5E6DD7E84771}.Debug|Any CPU.Build.0 = Debug|Any CPU
		{E068FA00-6387-4930-8BE7-5E6DD7E84771}.Release|Any CPU.ActiveCfg = Release|Any CPU
		{E068FA00-6387-4930-8BE7-5E6DD7E84771}.Release|Any CPU.Build.0 = Release|Any CPU
		{6F46F5A2-04E5-4820-B36A-1E06B50A0CA1}.Debug|Any CPU.ActiveCfg = Debug|Any CPU
		{6F46F5A2-04E5-4820-B36A-1E06B50A0CA1}.Debug|Any CPU.Build.0 = Debug|Any CPU
		{6F46F5A2-04E5-4820-B36A-1E06B50A0CA1}.Release|Any CPU.ActiveCfg = Release|Any CPU
		{6F46F5A2-04E5-4820-B36A-1E06B50A0CA1}.Release|Any CPU.Build.0 = Release|Any CPU
		{51F3838E-018D-41CB-A23F-0EE7FF78F2B0}.Debug|Any CPU.ActiveCfg = Debug|Any CPU
		{51F3838E-018D-41CB-A23F-0EE7FF78F2B0}.Debug|Any CPU.Build.0 = Debug|Any CPU
		{51F3838E-018D-41CB-A23F-0EE7FF78F2B0}.Release|Any CPU.ActiveCfg = Release|Any CPU
		{51F3838E-018D-41CB-A23F-0EE7FF78F2B0}.Release|Any CPU.Build.0 = Release|Any CPU
		{9A747DF2-6E5F-428B-9746-663192432347}.Debug|Any CPU.ActiveCfg = Debug|Any CPU
		{9A747DF2-6E5F-428B-9746-663192432347}.Debug|Any CPU.Build.0 = Debug|Any CPU
		{9A747DF2-6E5F-428B-9746-663192432347}.Release|Any CPU.ActiveCfg = Release|Any CPU
		{9A747DF2-6E5F-428B-9746-663192432347}.Release|Any CPU.Build.0 = Release|Any CPU
	EndGlobalSection
	GlobalSection(SolutionProperties) = preSolution
		HideSolutionNode = FALSE
	EndGlobalSection
	GlobalSection(NestedProjects) = preSolution
		{27B3EA94-4A0C-4704-A838-D7198B3F653B} = {97C025B3-5C9B-4F21-992E-A17007D14724}
		{EE210FBF-A815-40AF-A69D-389ACC932258} = {97C025B3-5C9B-4F21-992E-A17007D14724}
		{A7E4EF1A-FB32-4971-B376-A0C29F1ADAE8} = {97C025B3-5C9B-4F21-992E-A17007D14724}
		{E86A95E4-F4E8-4103-8FE0-BE471B9B5415} = {97C025B3-5C9B-4F21-992E-A17007D14724}
		{0F72DC99-3188-4DA0-B223-1DDA418C679D} = {97C025B3-5C9B-4F21-992E-A17007D14724}
		{38ED5AD0-3270-4BD0-BF22-FD488595BB8C} = {F23B97F0-E867-42D4-836F-519E114820D0}
		{CB09C30E-556E-4042-BBBB-BE183F86AE9B} = {F23B97F0-E867-42D4-836F-519E114820D0}
		{3C7CB446-985D-4F79-98A4-FECB0D47CC41} = {F23B97F0-E867-42D4-836F-519E114820D0}
		{42A6F48E-5AD2-4FF7-A78D-FE1E6BFB914B} = {F23B97F0-E867-42D4-836F-519E114820D0}
		{7ECE1CEC-D945-44EF-9F25-A83770331BA0} = {F23B97F0-E867-42D4-836F-519E114820D0}
		{5D0A54AA-F1F4-48F4-A778-F2E3E532A09D} = {1A4D8439-9A4D-4647-8A7B-B868C98A976E}
		{9C6CAE84-F122-4CB9-822E-B5C16B5FA06A} = {1A4D8439-9A4D-4647-8A7B-B868C98A976E}
		{83761859-1E61-4F91-862A-D53CBDB087FF} = {1A4D8439-9A4D-4647-8A7B-B868C98A976E}
		{6D113F62-F88A-4643-AA9A-D63B72403BA9} = {1A4D8439-9A4D-4647-8A7B-B868C98A976E}
		{4D7C95BA-22D2-4DD4-8842-C71833B1D35A} = {B7E37728-6D17-44DB-9968-8B566BA788CF}
		{E068FA00-6387-4930-8BE7-5E6DD7E84771} = {B7E37728-6D17-44DB-9968-8B566BA788CF}
		{6F46F5A2-04E5-4820-B36A-1E06B50A0CA1} = {B7E37728-6D17-44DB-9968-8B566BA788CF}
		{51F3838E-018D-41CB-A23F-0EE7FF78F2B0} = {B7E37728-6D17-44DB-9968-8B566BA788CF}
		{9A747DF2-6E5F-428B-9746-663192432347} = {0BE178FB-4D9D-4528-85A2-819554539EDA}
	EndGlobalSection
	GlobalSection(ExtensibilityGlobals) = postSolution
		SolutionGuid = {572097C9-D2C2-465B-ABA0-5EABE8ADD87F}
	EndGlobalSection
EndGlobal
